{
  "originHash" : "482ba86830e67604a022c62fe20a71068021208d13d9dbbf8a3745d3589e7bfc",
  "pins" : [
    {
      "identity" : "cocoaimagehashing",
      "kind" : "remoteSourceControl",
      "location" : "https://github.com/ameingast/cocoaimagehashing.git",
      "state" : {
        "revision" : "ad01eee3c3f91bd181f7f4eba7f48f7cb211b51c",
        "version" : "1.9.0"
      }
    },
    {
      "identity" : "fxpagecontrol",
      "kind" : "remoteSourceControl",
      "location" : "https://github.com/nicklockwood/FXPageControl.git",
      "state" : {
        "revision" : "a94633402ba98c52f86c2a70e61ff086dec9de78",
        "version" : "1.6.0"
      }
    },
    {
      "identity" : "xlpagertabstrip",
      "kind" : "remoteSourceControl",
      "location" : "https://github.com/xmartlabs/XLPagerTabStrip.git",
      "state" : {
        "revision" : "211ed62aa376722cf93c429802a8b6ff66a8bd52",
        "version" : "9.1.0"
      }
    }
  ],
  "version" : 3
}
